
Microsoft Visual Studio Solution File, Format Version 12.00
# Visual Studio Version 17
VisualStudioVersion = 17.14.36301.6 d17.14
MinimumVisualStudioVersion = 10.0.40219.1
Project("{FAE04EC0-301F-11D3-BF4B-00C04F79EFBC}") = "blogExploraLatamAPI", "blogExploraLatamAPI\blogExploraLatamAPI.csproj", "{BD7951CD-0C35-48F8-916B-C8D18D5641B2}"
EndProject
Global
	GlobalSection(SolutionConfigurationPlatforms) = preSolution
		Debug|Any CPU = Debug|Any CPU
		Release|Any CPU = Release|Any CPU
	EndGlobalSection
	GlobalSection(ProjectConfigurationPlatforms) = postSolution
		{BD7951CD-0C35-48F8-916B-C8D18D5641B2}.Debug|Any CPU.ActiveCfg = Debug|Any CPU
		{BD7951CD-0C35-48F8-916B-C8D18D5641B2}.Debug|Any CPU.Build.0 = Debug|Any CPU
		{BD7951CD-0C35-48F8-916B-C8D18D5641B2}.Release|Any CPU.ActiveCfg = Release|Any CPU
		{BD7951CD-0C35-48F8-916B-C8D18D5641B2}.Release|Any CPU.Build.0 = Release|Any CPU
	EndGlobalSection
	GlobalSection(SolutionProperties) = preSolution
		HideSolutionNode = FALSE
	EndGlobalSection
	GlobalSection(ExtensibilityGlobals) = postSolution
		SolutionGuid = {43EC91D0-A9BB-49B7-8F33-E1C0F93907C2}
	EndGlobalSection
EndGlobal
